
Microsoft Visual Studio Solution File, Format Version 12.00
# Visual Studio 2013
VisualStudioVersion = 12.0.21005.1
MinimumVisualStudioVersion = 10.0.40219.1
Project("{FAE04EC0-301F-11D3-BF4B-00C04F79EFBC}") = "vspte", "vspte\vspte.csproj", "{0B642FED-451E-45E7-9567-09B267315EAD}"
EndProject
Project("{2150E333-8FDC-42A3-9474-1A3956D46DE8}") = ".nuget", ".nuget", "{3C452973-1EC3-4423-B2CD-34AC4171ABC1}"
	ProjectSection(SolutionItems) = preProject
		.nuget\NuGet.Config = .nuget\NuGet.Config
		.nuget\NuGet.exe = .nuget\NuGet.exe
		.nuget\NuGet.targets = .nuget\NuGet.targets
	EndProjectSection
EndProject
Project("{2150E333-8FDC-42A3-9474-1A3956D46DE8}") = "Solution Items", "Solution Items", "{2FDD948A-01F6-4B11-B92B-CB41821A7068}"
	ProjectSection(SolutionItems) = preProject
		build-release.cmd = build-release.cmd
	EndProjectSection
EndProject
Global
	GlobalSection(SolutionConfigurationPlatforms) = preSolution
		Debug|Any CPU = Debug|Any CPU
		Release|Any CPU = Release|Any CPU
	EndGlobalSection
	GlobalSection(ProjectConfigurationPlatforms) = postSolution
		{0B642FED-451E-45E7-9567-09B267315EAD}.Debug|Any CPU.ActiveCfg = Debug|Any CPU
		{0B642FED-451E-45E7-9567-09B267315EAD}.Debug|Any CPU.Build.0 = Debug|Any CPU
		{0B642FED-451E-45E7-9567-09B267315EAD}.Release|Any CPU.ActiveCfg = Release|Any CPU
		{0B642FED-451E-45E7-9567-09B267315EAD}.Release|Any CPU.Build.0 = Release|Any CPU
	EndGlobalSection
	GlobalSection(SolutionProperties) = preSolution
		HideSolutionNode = FALSE
	EndGlobalSection
EndGlobal
